{
  "lockfile-version": 1,
  "manifest": {
    "schema-version": "1.13.0",
    "install": {
      "bun": {
        "pkg-path": "bun"
      },
      "gh": {
        "pkg-path": "gh"
      },
      "git": {
        "pkg-path": "git",
        "outputs": "all"
      },
      "nodejs": {
        "pkg-path": "nodejs"
      },
      "pre-commit": {
        "pkg-path": "pre-commit",
        "outputs": "all"
      }
    },
    "vars": {
      "DUNE_ENV": "development"
    },
    "hook": {
      "on-activate": "  export PATH=\"$PWD/node_modules/.bin:$PATH\"\n  echo \"dune dev environment active: bun $(bun --version)\"\n"
    },
    "options": {}
  },
  "packages": [
    {
      "attr_path": "bun",
      "broken": false,
      "derivation": "/nix/store/jw6h2fipps5s6lszymvh54mx7i6b7a2l-bun-1.3.13.drv",
      "description": "Incredibly fast JavaScript runtime, bundler, transpiler and package manager – all in one",
      "install_id": "bun",
      "license": "[ MIT, LGPL-2.1-only ]",
      "locked_url": "https://github.com/flox/nixpkgs?rev=567a49d1913ce81ac6e9582e3553dd90a955875f",
      "name": "bun-1.3.13",
      "pname": "bun",
      "rev": "567a49d1913ce81ac6e9582e3553dd90a955875f",
      "rev_count": 1017464,
      "rev_date": "2026-06-16T02:33:49Z",
      "scrape_date": "2026-06-17T03:13:13.715410Z",
      "stabilities": [
        "stable",
        "staging",
        "unstable"
      ],
      "unfree": false,
      "version": "1.3.13",
      "outputs_to_install": [
        "out",
        "out",
        "out"
      ],
      "outputs": {
        "out": "/nix/store/jgl1hjr0cf6s32jcnqmkp44av4flamap-bun-1.3.13"
      },
      "system": "aarch64-darwin",
      "group": "toplevel",
      "priority": 5
    },
    {
      "attr_path": "bun",
      "broken": false,
      "derivation": "/nix/store/05kg2c8div5xcsnkj8pa9ppaq1g1c3yb-bun-1.3.13.drv",
      "description": "Incredibly fast JavaScript runtime, bundler, transpiler and package manager – all in one",
      "install_id": "bun",
      "license": "[ MIT, LGPL-2.1-only ]",
      "locked_url": "https://github.com/flox/nixpkgs?rev=567a49d1913ce81ac6e9582e3553dd90a955875f",
      "name": "bun-1.3.13",
      "pname": "bun",
      "rev": "567a49d1913ce81ac6e9582e3553dd90a955875f",
      "rev_count": 1017464,
      "rev_date": "2026-06-16T02:33:49Z",
      "scrape_date": "2026-06-17T03:44:08.062537Z",
      "stabilities": [
        "stable",
        "staging",
        "unstable"
      ],
      "unfree": false,
      "version": "1.3.13",
      "outputs_to_install": [
        "out",
        "out"
      ],
      "outputs": {
        "out": "/nix/store/ywc7zrq5vr32ashfgc7dp84a2f3rzic6-bun-1.3.13"
      },
      "system": "aarch64-linux",
      "group": "toplevel",
      "priority": 5
    },
    {
      "attr_path": "bun",
      "broken": false,
      "derivation": "/nix/store/5z4543rqly7khnfq2vq1kngv9hbqhl2z-bun-1.3.13.drv",
      "description": "Incredibly fast JavaScript runtime, bundler, transpiler and package manager – all in one",
      "install_id": "bun",
      "license": "[ MIT, LGPL-2.1-only ]",
      "locked_url": "https://github.com/flox/nixpkgs?rev=567a49d1913ce81ac6e9582e3553dd90a955875f",
      "name": "bun-1.3.13",
      "pname": "bun",
      "rev": "567a49d1913ce81ac6e9582e3553dd90a955875f",
      "rev_count": 1017464,
      "rev_date": "2026-06-16T02:33:49Z",
      "scrape_date": "2026-06-17T04:13:05.974170Z",
      "stabilities": [
        "stable",
        "staging",
        "unstable"
      ],
      "unfree": false,
      "version": "1.3.13",
      "outputs_to_install": [
        "out",
        "out"
      ],
      "outputs": {
        "out": "/nix/store/1nphhxm1h3pya9j86kql2gpsvy6nizr4-bun-1.3.13"
      },
      "system": "x86_64-darwin",
      "group": "toplevel",
      "priority": 5
    },
    {
      "attr_path": "bun",
      "broken": false,
      "derivation": "/nix/store/pymjz37lyh092z3r60q6h826rxqljfzz-bun-1.3.13.drv",
      "description": "Incredibly fast JavaScript runtime, bundler, transpiler and package manager – all in one",
      "install_id": "bun",
      "license": "[ MIT, LGPL-2.1-only ]",
      "locked_url": "https://github.com/flox/nixpkgs?rev=567a49d1913ce81ac6e9582e3553dd90a955875f",
      "name": "bun-1.3.13",
      "pname": "bun",
      "rev": "567a49d1913ce81ac6e9582e3553dd90a955875f",
      "rev_count": 1017464,
      "rev_date": "2026-06-16T02:33:49Z",
      "scrape_date": "2026-06-17T04:47:04.080549Z",
      "stabilities": [
        "stable",
        "staging",
        "unstable"
      ],
      "unfree": false,
      "version": "1.3.13",
      "outputs_to_install": [
        "out",
        "out"
      ],
      "outputs": {
        "out": "/nix/store/z1cxjx705fswwjjns0sw2ysbd5jqxfgm-bun-1.3.13"
      },
      "system": "x86_64-linux",
      "group": "toplevel",
      "priority": 5
    },
    {
      "attr_path": "gh",
      "broken": false,
      "derivation": "/nix/store/0b1rr788bzlh8zmsf25fbhrxjlq9yclp-gh-2.94.0.drv",
      "description": "GitHub CLI tool",
      "install_id": "gh",
      "license": "MIT",
      "locked_url": "https://github.com/flox/nixpkgs?rev=567a49d1913ce81ac6e9582e3553dd90a955875f",
      "name": "gh-2.94.0",
      "pname": "gh",
      "rev": "567a49d1913ce81ac6e9582e3553dd90a955875f",
      "rev_count": 1017464,
      "rev_date": "2026-06-16T02:33:49Z",
      "scrape_date": "2026-06-17T03:13:14.808449Z",
      "stabilities": [
        "stable",
        "staging",
        "unstable"
      ],
      "unfree": false,
      "version": "2.94.0",
      "outputs_to_install": [
        "out",
        "out"
      ],
      "outputs": {
        "out": "/nix/store/fhnpw0hs0gjms1ha6ap02jq7rx13gkbp-gh-2.94.0"
      },
      "system": "aarch64-darwin",
      "group": "toplevel",
      "priority": 5
    },
    {
      "attr_path": "gh",
      "broken": false,
      "derivation": "/nix/store/5slfl28gq94vb53jnixfrr2hw98fk84p-gh-2.94.0.drv",
      "description": "GitHub CLI tool",
      "install_id": "gh",
      "license": "MIT",
      "locked_url": "https://github.com/flox/nixpkgs?rev=567a49d1913ce81ac6e9582e3553dd90a955875f",
      "name": "gh-2.94.0",
      "pname": "gh",
      "rev": "567a49d1913ce81ac6e9582e3553dd90a955875f",
      "rev_count": 1017464,
      "rev_date": "2026-06-16T02:33:49Z",
      "scrape_date": "2026-06-17T03:44:09.734419Z",
      "stabilities": [
        "stable",
        "staging",
        "unstable"
      ],
      "unfree": false,
      "version": "2.94.0",
      "outputs_to_install": [
        "out",
        "out"
      ],
      "outputs": {
        "out": "/nix/store/7hh2qi0gj2ifbxbl56cjzbiyfc379bji-gh-2.94.0"
      },
      "system": "aarch64-linux",
      "group": "toplevel",
      "priority": 5
    },
    {
      "attr_path": "gh",
      "broken": false,
      "derivation": "/nix/store/zghklkkb7vhjrmn23d74cq945v8vb2qv-gh-2.94.0.drv",
      "description": "GitHub CLI tool",
      "install_id": "gh",
      "license": "MIT",
      "locked_url": "https://github.com/flox/nixpkgs?rev=567a49d1913ce81ac6e9582e3553dd90a955875f",
      "name": "gh-2.94.0",
      "pname": "gh",
      "rev": "567a49d1913ce81ac6e9582e3553dd90a955875f",
      "rev_count": 1017464,
      "rev_date": "2026-06-16T02:33:49Z",
      "scrape_date": "2026-06-17T04:13:07.124706Z",
      "stabilities": [
        "stable",
        "staging",
        "unstable"
      ],
      "unfree": false,
      "version": "2.94.0",
      "outputs_to_install": [
        "out",
        "out"
      ],
      "outputs": {
        "out": "/nix/store/3ywrz2hvn6gafpms9ll5gr6ka5rismyq-gh-2.94.0"
      },
      "system": "x86_64-darwin",
      "group": "toplevel",
      "priority": 5
    },
    {
      "attr_path": "gh",
      "broken": false,
      "derivation": "/nix/store/czp1r0mb7ks6ag4lacb8pcv705yavfil-gh-2.94.0.drv",
      "description": "GitHub CLI tool",
      "install_id": "gh",
      "license": "MIT",
      "locked_url": "https://github.com/flox/nixpkgs?rev=567a49d1913ce81ac6e9582e3553dd90a955875f",
      "name": "gh-2.94.0",
      "pname": "gh",
      "rev": "567a49d1913ce81ac6e9582e3553dd90a955875f",
      "rev_count": 1017464,
      "rev_date": "2026-06-16T02:33:49Z",
      "scrape_date": "2026-06-17T04:47:05.900645Z",
      "stabilities": [
        "stable",
        "staging",
        "unstable"
      ],
      "unfree": false,
      "version": "2.94.0",
      "outputs_to_install": [
        "out",
        "out",
        "out"
      ],
      "outputs": {
        "out": "/nix/store/pidh15szlsb1vc41xdsa3xbdghdazvby-gh-2.94.0"
      },
      "system": "x86_64-linux",
      "group": "toplevel",
      "priority": 5
    },
    {
      "attr_path": "git",
      "broken": false,
      "derivation": "/nix/store/nirns2rsk8m3l64jx3k4wl04c5xgjln1-git-2.54.0.drv",
      "description": "Distributed version control system",
      "install_id": "git",
      "license": "GPL-2.0",
      "locked_url": "https://github.com/flox/nixpkgs?rev=567a49d1913ce81ac6e9582e3553dd90a955875f",
      "name": "git-2.54.0",
      "pname": "git",
      "rev": "567a49d1913ce81ac6e9582e3553dd90a955875f",
      "rev_count": 1017464,
      "rev_date": "2026-06-16T02:33:49Z",
      "scrape_date": "2026-06-17T03:13:14.850851Z",
      "stabilities": [
        "stable",
        "staging",
        "unstable"
      ],
      "unfree": false,
      "version": "2.54.0",
      "outputs_to_install": [
        "out",
        "out",
        "out"
      ],
      "outputs": {
        "doc": "/nix/store/zn8gmbxxf5398hxg6y6nk5jimj85qj69-git-2.54.0-doc",
        "out": "/nix/store/a14yxcqvv9x2l9mllgpirzhvz93pgprg-git-2.54.0"
      },
      "system": "aarch64-darwin",
      "group": "toplevel",
      "priority": 5
    },
    {
      "attr_path": "git",
      "broken": false,
      "derivation": "/nix/store/vicfhs491skhzki2fs95c3sq6ak1kkm8-git-2.54.0.drv",
      "description": "Distributed version control system",
      "install_id": "git",
      "license": "GPL-2.0",
      "locked_url": "https://github.com/flox/nixpkgs?rev=567a49d1913ce81ac6e9582e3553dd90a955875f",
      "name": "git-2.54.0",
      "pname": "git",
      "rev": "567a49d1913ce81ac6e9582e3553dd90a955875f",
      "rev_count": 1017464,
      "rev_date": "2026-06-16T02:33:49Z",
      "scrape_date": "2026-06-17T03:44:09.791984Z",
      "stabilities": [
        "stable",
        "staging",
        "unstable"
      ],
      "unfree": false,
      "version": "2.54.0",
      "outputs_to_install": [
        "out",
        "out"
      ],
      "outputs": {
        "debug": "/nix/store/c7mafmqf28l7898rpbqqkd0p3m42hc03-git-2.54.0-debug",
        "doc": "/nix/store/klwr4n2snj7ldlpkhwarwlif80myx0vj-git-2.54.0-doc",
        "out": "/nix/store/ixp98f9avf8ikpdrmp40cj33g0dazyp9-git-2.54.0"
      },
      "system": "aarch64-linux",
      "group": "toplevel",
      "priority": 5
    },
    {
      "attr_path": "git",
      "broken": false,
      "derivation": "/nix/store/kfyjgmz1vv4jn18j90mdwhdlbihg93w2-git-2.54.0.drv",
      "description": "Distributed version control system",
      "install_id": "git",
      "license": "GPL-2.0",
      "locked_url": "https://github.com/flox/nixpkgs?rev=567a49d1913ce81ac6e9582e3553dd90a955875f",
      "name": "git-2.54.0",
      "pname": "git",
      "rev": "567a49d1913ce81ac6e9582e3553dd90a955875f",
      "rev_count": 1017464,
      "rev_date": "2026-06-16T02:33:49Z",
      "scrape_date": "2026-06-17T04:13:07.165719Z",
      "stabilities": [
        "stable",
        "staging",
        "unstable"
      ],
      "unfree": false,
      "version": "2.54.0",
      "outputs_to_install": [
        "out",
        "out"
      ],
      "outputs": {
        "doc": "/nix/store/agyxy5ay4x06b52mj24rz44fc82328ha-git-2.54.0-doc",
        "out": "/nix/store/s9lsrlgwr3sabw9a2dl3laykas0ijk85-git-2.54.0"
      },
      "system": "x86_64-darwin",
      "group": "toplevel",
      "priority": 5
    },
    {
      "attr_path": "git",
      "broken": false,
      "derivation": "/nix/store/hg2n96ng32fxylxqci9jb8rwgd4hpc5g-git-2.54.0.drv",
      "description": "Distributed version control system",
      "install_id": "git",
      "license": "GPL-2.0",
      "locked_url": "https://github.com/flox/nixpkgs?rev=567a49d1913ce81ac6e9582e3553dd90a955875f",
      "name": "git-2.54.0",
      "pname": "git",
      "rev": "567a49d1913ce81ac6e9582e3553dd90a955875f",
      "rev_count": 1017464,
      "rev_date": "2026-06-16T02:33:49Z",
      "scrape_date": "2026-06-17T04:47:05.961403Z",
      "stabilities": [
        "stable",
        "staging",
        "unstable"
      ],
      "unfree": false,
      "version": "2.54.0",
      "outputs_to_install": [
        "out",
        "out",
        "out",
        "out",
        "out"
      ],
      "outputs": {
        "debug": "/nix/store/72fyakk8w8idjbksk0h8jbkq6sgvcm85-git-2.54.0-debug",
        "doc": "/nix/store/l444690y78nfdwyzm6mghagl7xa97myf-git-2.54.0-doc",
        "out": "/nix/store/bcnisk3ydfgv26v2gw3zlky24g00yww2-git-2.54.0"
      },
      "system": "x86_64-linux",
      "group": "toplevel",
      "priority": 5
    },
    {
      "attr_path": "nodejs",
      "broken": false,
      "derivation": "/nix/store/vbx35am7lar9zvwhk4nfl3lysmbd0ils-nodejs-24.15.0.drv",
      "description": "Event-driven I/O framework for the V8 JavaScript engine",
      "install_id": "nodejs",
      "license": "MIT",
      "locked_url": "https://github.com/flox/nixpkgs?rev=567a49d1913ce81ac6e9582e3553dd90a955875f",
      "name": "nodejs-24.15.0",
      "pname": "nodejs",
      "rev": "567a49d1913ce81ac6e9582e3553dd90a955875f",
      "rev_count": 1017464,
      "rev_date": "2026-06-16T02:33:49Z",
      "scrape_date": "2026-06-17T03:13:39.213888Z",
      "stabilities": [
        "stable",
        "staging",
        "unstable"
      ],
      "unfree": false,
      "version": "24.15.0",
      "outputs_to_install": [
        "out",
        "out",
        "out"
      ],
      "outputs": {
        "out": "/nix/store/3mvbmkd7lmxi3xlka1avra24flwbgjv9-nodejs-24.15.0"
      },
      "system": "aarch64-darwin",
      "group": "toplevel",
      "priority": 5
    },
    {
      "attr_path": "nodejs",
      "broken": false,
      "derivation": "/nix/store/zc41z1042wi0d1gmyc8mlwv5av8fds2q-nodejs-24.15.0.drv",
      "description": "Event-driven I/O framework for the V8 JavaScript engine",
      "install_id": "nodejs",
      "license": "MIT",
      "locked_url": "https://github.com/flox/nixpkgs?rev=567a49d1913ce81ac6e9582e3553dd90a955875f",
      "name": "nodejs-24.15.0",
      "pname": "nodejs",
      "rev": "567a49d1913ce81ac6e9582e3553dd90a955875f",
      "rev_count": 1017464,
      "rev_date": "2026-06-16T02:33:49Z",
      "scrape_date": "2026-06-17T03:44:48.128392Z",
      "stabilities": [
        "stable",
        "staging",
        "unstable"
      ],
      "unfree": false,
      "version": "24.15.0",
      "outputs_to_install": [
        "out",
        "out"
      ],
      "outputs": {
        "out": "/nix/store/rmdjmd0iy5zlyg0j2i1cd0s7ha1562fs-nodejs-24.15.0"
      },
      "system": "aarch64-linux",
      "group": "toplevel",
      "priority": 5
    },
    {
      "attr_path": "nodejs",
      "broken": false,
      "derivation": "/nix/store/f0ay9hny5gn4c0lfrb95xrakm7yf3s2q-nodejs-24.15.0.drv",
      "description": "Event-driven I/O framework for the V8 JavaScript engine",
      "install_id": "nodejs",
      "license": "MIT",
      "locked_url": "https://github.com/flox/nixpkgs?rev=567a49d1913ce81ac6e9582e3553dd90a955875f",
      "name": "nodejs-24.15.0",
      "pname": "nodejs",
      "rev": "567a49d1913ce81ac6e9582e3553dd90a955875f",
      "rev_count": 1017464,
      "rev_date": "2026-06-16T02:33:49Z",
      "scrape_date": "2026-06-17T04:13:32.462339Z",
      "stabilities": [
        "stable",
        "staging",
        "unstable"
      ],
      "unfree": false,
      "version": "24.15.0",
      "outputs_to_install": [
        "out",
        "out"
      ],
      "outputs": {
        "out": "/nix/store/rhv8jiklgw2bw4ljh4nm3h3r3bpnkcl3-nodejs-24.15.0"
      },
      "system": "x86_64-darwin",
      "group": "toplevel",
      "priority": 5
    },
    {
      "attr_path": "nodejs",
      "broken": false,
      "derivation": "/nix/store/f8i8jydaqs0ngxm97c091zna2mnjb43f-nodejs-24.15.0.drv",
      "description": "Event-driven I/O framework for the V8 JavaScript engine",
      "install_id": "nodejs",
      "license": "MIT",
      "locked_url": "https://github.com/flox/nixpkgs?rev=567a49d1913ce81ac6e9582e3553dd90a955875f",
      "name": "nodejs-24.15.0",
      "pname": "nodejs",
      "rev": "567a49d1913ce81ac6e9582e3553dd90a955875f",
      "rev_count": 1017464,
      "rev_date": "2026-06-16T02:33:49Z",
      "scrape_date": "2026-06-17T04:47:47.914293Z",
      "stabilities": [
        "stable",
        "staging",
        "unstable"
      ],
      "unfree": false,
      "version": "24.15.0",
      "outputs_to_install": [
        "out",
        "out"
      ],
      "outputs": {
        "out": "/nix/store/5a8ysg1jnj8jmzzyfcfw7rvpvnp5rfpa-nodejs-24.15.0"
      },
      "system": "x86_64-linux",
      "group": "toplevel",
      "priority": 5
    },
    {
      "attr_path": "pre-commit",
      "broken": false,
      "derivation": "/nix/store/0a8ygichjxwjwf6dv1ykmbc36y9ba34g-pre-commit-4.5.1.drv",
      "description": "Framework for managing and maintaining multi-language pre-commit hooks",
      "install_id": "pre-commit",
      "license": "MIT",
      "locked_url": "https://github.com/flox/nixpkgs?rev=567a49d1913ce81ac6e9582e3553dd90a955875f",
      "name": "pre-commit-4.5.1",
      "pname": "pre-commit",
      "rev": "567a49d1913ce81ac6e9582e3553dd90a955875f",
      "rev_count": 1017464,
      "rev_date": "2026-06-16T02:33:49Z",
      "scrape_date": "2026-06-17T03:13:55.154733Z",
      "stabilities": [
        "stable",
        "staging",
        "unstable"
      ],
      "unfree": false,
      "version": "4.5.1",
      "outputs_to_install": [
        "out"
      ],
      "outputs": {
        "dist": "/nix/store/p75pq4p8x7k3a3vcvaaw0m8v4v29h567-pre-commit-4.5.1-dist",
        "out": "/nix/store/71lv91n3dpd0s7x1hd85nq6rpi3v1wn4-pre-commit-4.5.1"
      },
      "system": "aarch64-darwin",
      "group": "toplevel",
      "priority": 5
    },
    {
      "attr_path": "pre-commit",
      "broken": false,
      "derivation": "/nix/store/fg9365sgnwqb7pilvqx0vllq67smkqk9-pre-commit-4.5.1.drv",
      "description": "Framework for managing and maintaining multi-language pre-commit hooks",
      "install_id": "pre-commit",
      "license": "MIT",
      "locked_url": "https://github.com/flox/nixpkgs?rev=567a49d1913ce81ac6e9582e3553dd90a955875f",
      "name": "pre-commit-4.5.1",
      "pname": "pre-commit",
      "rev": "567a49d1913ce81ac6e9582e3553dd90a955875f",
      "rev_count": 1017464,
      "rev_date": "2026-06-16T02:33:49Z",
      "scrape_date": "2026-06-17T03:45:09.661247Z",
      "stabilities": [
        "stable",
        "staging",
        "unstable"
      ],
      "unfree": false,
      "version": "4.5.1",
      "outputs_to_install": [
        "out"
      ],
      "outputs": {
        "dist": "/nix/store/mjwmrb50kd63nr22f5hd530yfwl4xmg7-pre-commit-4.5.1-dist",
        "out": "/nix/store/zdwz10d50d9s8h6yq53p97ba13q3vb2s-pre-commit-4.5.1"
      },
      "system": "aarch64-linux",
      "group": "toplevel",
      "priority": 5
    },
    {
      "attr_path": "pre-commit",
      "broken": false,
      "derivation": "/nix/store/4qgs55azgq40gv803vr0wx2wqfbiak8q-pre-commit-4.5.1.drv",
      "description": "Framework for managing and maintaining multi-language pre-commit hooks",
      "install_id": "pre-commit",
      "license": "MIT",
      "locked_url": "https://github.com/flox/nixpkgs?rev=567a49d1913ce81ac6e9582e3553dd90a955875f",
      "name": "pre-commit-4.5.1",
      "pname": "pre-commit",
      "rev": "567a49d1913ce81ac6e9582e3553dd90a955875f",
      "rev_count": 1017464,
      "rev_date": "2026-06-16T02:33:49Z",
      "scrape_date": "2026-06-17T04:13:48.794023Z",
      "stabilities": [
        "stable",
        "staging",
        "unstable"
      ],
      "unfree": false,
      "version": "4.5.1",
      "outputs_to_install": [
        "out"
      ],
      "outputs": {
        "dist": "/nix/store/0yqxbp8v2pzhrsmapv44rhg71bvlfp1k-pre-commit-4.5.1-dist",
        "out": "/nix/store/ba9dfq5gcn5c1l43z6994q7z11ckdiq7-pre-commit-4.5.1"
      },
      "system": "x86_64-darwin",
      "group": "toplevel",
      "priority": 5
    },
    {
      "attr_path": "pre-commit",
      "broken": false,
      "derivation": "/nix/store/8v71k1mprf7mb453011frqdmzyb2gcjd-pre-commit-4.5.1.drv",
      "description": "Framework for managing and maintaining multi-language pre-commit hooks",
      "install_id": "pre-commit",
      "license": "MIT",
      "locked_url": "https://github.com/flox/nixpkgs?rev=567a49d1913ce81ac6e9582e3553dd90a955875f",
      "name": "pre-commit-4.5.1",
      "pname": "pre-commit",
      "rev": "567a49d1913ce81ac6e9582e3553dd90a955875f",
      "rev_count": 1017464,
      "rev_date": "2026-06-16T02:33:49Z",
      "scrape_date": "2026-06-17T04:48:10.054542Z",
      "stabilities": [
        "stable",
        "staging",
        "unstable"
      ],
      "unfree": false,
      "version": "4.5.1",
      "outputs_to_install": [
        "out",
        "out"
      ],
      "outputs": {
        "dist": "/nix/store/pcyywbb1z9gzq8bwzcmb39fgakb7asmw-pre-commit-4.5.1-dist",
        "out": "/nix/store/2d7qcvyf9jxh2nrb7rzphgiqxl44bqr0-pre-commit-4.5.1"
      },
      "system": "x86_64-linux",
      "group": "toplevel",
      "priority": 5
    }
  ]
}
